{
  "version": 4,
  "terraform_version": "1.14.8",
  "serial": 13,
  "lineage": "2fb04481-3fc0-fa7c-0cd0-aae03998f7dc",
  "outputs": {},
  "resources": [
    {
      "mode": "managed",
      "type": "helm_release",
      "name": "argocd",
      "provider": "provider[\"registry.terraform.io/hashicorp/helm\"]",
      "instances": [
        {
          "schema_version": 2,
          "attributes": {
            "atomic": false,
            "chart": "argo-cd",
            "cleanup_on_fail": false,
            "create_namespace": false,
            "dependency_update": false,
            "description": null,
            "devel": null,
            "disable_crd_hooks": false,
            "disable_openapi_validation": false,
            "disable_webhooks": false,
            "force_update": false,
            "id": "argocd",
            "keyring": null,
            "lint": false,
            "manifest": null,
            "max_history": 0,
            "metadata": {
              "app_version": "v2.9.3",
              "chart": "argo-cd",
              "first_deployed": 1775656411,
              "last_deployed": 1775656411,
              "name": "argocd",
              "namespace": "argocd",
              "notes": "\n\nIn order to access the server UI you have the following options:\n\n1. kubectl port-forward service/argocd-server -n argocd 8080:443\n\n    and then open the browser on http://localhost:8080 and accept the certificate\n\n2. enable ingress in the values file `server.ingress.enabled` and either\n      - Add the annotation for ssl passthrough: https://argo-cd.readthedocs.io/en/stable/operator-manual/ingress/#option-1-ssl-passthrough\n      - Set the `configs.params.\"server.insecure\"` in the values file and terminate SSL at your ingress: https://argo-cd.readthedocs.io/en/stable/operator-manual/ingress/#option-2-multiple-ingress-objects-and-hosts\n\n\nAfter reaching the UI the first time you can login with username: admin and the random password generated during the installation. You can find the password by running:\n\nkubectl -n argocd get secret argocd-initial-admin-secret -o jsonpath=\"{.data.password}\" | base64 -d\n\n(You should delete the initial secret afterwards as suggested by the Getting Started Guide: https://argo-cd.readthedocs.io/en/stable/getting_started/#4-login-using-the-cli)\n",
              "revision": 1,
              "values": "{}",
              "version": "5.51.6"
            },
            "name": "argocd",
            "namespace": "argocd",
            "pass_credentials": false,
            "postrender": null,
            "recreate_pods": false,
            "render_subchart_notes": true,
            "replace": false,
            "repository": "https://argoproj.github.io/argo-helm",
            "repository_ca_file": null,
            "repository_cert_file": null,
            "repository_key_file": null,
            "repository_password": null,
            "repository_username": null,
            "reset_values": false,
            "resources": null,
            "reuse_values": false,
            "set": null,
            "set_list": null,
            "set_sensitive": null,
            "set_wo": null,
            "set_wo_revision": null,
            "skip_crds": false,
            "status": "deployed",
            "take_ownership": false,
            "timeout": 300,
            "timeouts": null,
            "upgrade_install": false,
            "values": null,
            "verify": false,
            "version": "5.51.6",
            "wait": true,
            "wait_for_jobs": false
          },
          "sensitive_attributes": [
            [
              {
                "type": "get_attr",
                "value": "repository_password"
              }
            ]
          ],
          "identity_schema_version": 0,
          "identity": {
            "namespace": "argocd",
            "release_name": "argocd"
          },
          "dependencies": [
            "kubernetes_namespace_v1.argocd",
            "minikube_cluster.kube_cluster"
          ]
        }
      ]
    },
    {
      "mode": "managed",
      "type": "kubernetes_namespace_v1",
      "name": "argocd",
      "provider": "provider[\"registry.terraform.io/hashicorp/kubernetes\"]",
      "instances": [
        {
          "schema_version": 0,
          "attributes": {
            "id": "argocd",
            "metadata": [
              {
                "annotations": null,
                "generate_name": "",
                "generation": 0,
                "labels": null,
                "name": "argocd",
                "resource_version": "1674",
                "uid": "e2d7f1d7-f180-4e19-b9a6-0d6f1a6b133d"
              }
            ],
            "timeouts": null,
            "wait_for_default_service_account": false
          },
          "sensitive_attributes": [],
          "identity_schema_version": 1,
          "identity": {
            "api_version": "v1",
            "kind": "Namespace",
            "name": "argocd"
          },
          "private": "eyJlMmJmYjczMC1lY2FhLTExZTYtOGY4OC0zNDM2M2JjN2M0YzAiOnsiZGVsZXRlIjozMDAwMDAwMDAwMDB9fQ==",
          "dependencies": [
            "minikube_cluster.kube_cluster"
          ]
        }
      ]
    },
    {
      "mode": "managed",
      "type": "minikube_cluster",
      "name": "kube_cluster",
      "provider": "provider[\"registry.terraform.io/scott-the-programmer/minikube\"]",
      "instances": [
        {
          "schema_version": 0,
          "attributes": {
            "addons": [],
            "apiserver_ips": [],
            "apiserver_name": "minikubeCA",
            "apiserver_names": [],
            "apiserver_port": 8443,
            "auto_pause_interval": 1,
            "auto_update_drivers": true,
            "base_image": "gcr.io/k8s-minikube/kicbase:v0.0.48@sha256:7171c97a51623558720f8e5878e4f4637da093e2f2ed589997bedc6c1549b2b1",
            "binary_mirror": null,
            "cache_images": true,
            "cert_expiration": 1576800,
            "client_certificate": "-----BEGIN CERTIFICATE-----\nMIIDITCCAgmgAwIBAgIBAjANBgkqhkiG9w0BAQsFADAVMRMwEQYDVQQDEwptaW5p\na3ViZUNBMB4XDTI2MDQwNzEzMzMyMVoXDTI5MDQwNzEzMzMyMVowMTEXMBUGA1UE\nChMOc3lzdGVtOm1hc3RlcnMxFjAUBgNVBAMTDW1pbmlrdWJlLXVzZXIwggEiMA0G\nCSqGSIb3DQEBAQUAA4IBDwAwggEKAoIBAQDJWZ9PUxR07j27qeEjTsu9024Wdu7i\n8UX4HEpbsVkvrdTbUvKV50OOXIyvQ9XerW6HoRNS5HyOy3d/JoQACSbHAU9Ka9St\nE6U3uS9CCixpsVjjCZGVoaLGkQqQOIS7povp6QBxUDvo2wt9adTVgvqo0d78URRE\n6TcPqTrejsjo1UqQvqL2ozhVyD7ibaADgscP8V6FcGoRcfXtUOHUBK/YCxz4Qq+B\ndrmw6hwCN4I/QXigjA3AHsjohW9oqWeucC9HGqUtlxjPNrr+VLlh+0awPptd8JrL\nk7fzKkjaYdp3Rq+pbGZk1gYDx+Bx/4HWA1j37ZhrZ9Eidu0yfAnsqHWvAgMBAAGj\nYDBeMA4GA1UdDwEB/wQEAwIFoDAdBgNVHSUEFjAUBggrBgEFBQcDAQYIKwYBBQUH\nAwIwDAYDVR0TAQH/BAIwADAfBgNVHSMEGDAWgBQCTzMBZdx1+rgZcswcMbrMockM\nNzANBgkqhkiG9w0BAQsFAAOCAQEAHsInY6KkEZsTdnRH1dEik9doEM9VDqN+Ic5p\nHBYjqW2+vdWM9gexujxwwDDaGfNQWgvSwn4C48WEPsS7INUZhKxGXeulpBl/jHub\nV3sVn58xiZDJSsu6HZ93u28KPEuVG+f8P+UNoV4hoEeOBAIRoU8pOXuSdJQWwGX8\nayt+QPaFXf7v2VxaNMiuC2f9YWt7O70KXYbF8DDCWhqTxxc1YjD+zViq8iqMUN0+\n8trm2YCcXpq/+Pohhkx8sOvickGj/deHRoeBfVppsAGfISVBzM5pctD0Mh4U2auC\nqQpdjCsa4TPto66/BlbCRX3g3+5MxYIf6Yv7GT6vfvIYUD4/3w==\n-----END CERTIFICATE-----\n",
            "client_key": "-----BEGIN RSA PRIVATE KEY-----\nMIIEpAIBAAKCAQEAyVmfT1MUdO49u6nhI07LvdNuFnbu4vFF+BxKW7FZL63U21Ly\nledDjlyMr0PV3q1uh6ETUuR8jst3fyaEAAkmxwFPSmvUrROlN7kvQgosabFY4wmR\nlaGixpEKkDiEu6aL6ekAcVA76NsLfWnU1YL6qNHe/FEUROk3D6k63o7I6NVKkL6i\n9qM4Vcg+4m2gA4LHD/FehXBqEXH17VDh1ASv2Asc+EKvgXa5sOocAjeCP0F4oIwN\nwB7I6IVvaKlnrnAvRxqlLZcYzza6/lS5YftGsD6bXfCay5O38ypI2mHad0avqWxm\nZNYGA8fgcf+B1gNY9+2Ya2fRInbtMnwJ7Kh1rwIDAQABAoIBABgr4aOYsiZ9aTzL\nnoLqFSxjIt6ghXoKA9/OqaCLUE0YfaqcsRGM0z/WXW824gha4p92l0bGtitAQsap\nXYRRlO2j+xxQiJYEezuOyB0R8pX3m9eZkPgZENzskYuRtWF/k2FPvuVbf+2qyhzS\npSHCmQvGMhIxO5EwPBNtuer40iadKaDE+1G147U2aNHF1AnkY0tJk+/z8uogExBX\nbJ9gbmE8BXQtzpffFh1HIeXKLT31TG4KbxQK1ktIlMKdjiMmAtDy039llukGNvd4\nbmk4I+vvwTku8RAj8KZhjuIYKoYre7dgqSaRigUIYZncaB8nVq7EmODV7hZlXD+l\nf/PKV+UCgYEA0DM9reyYwkC19EDTYSrvyPYI8KiF6ViOUbYuzw1k4HOottKCjEdB\naRLCJtHdH993bJcMZ4ouQlBTBdknaQqHpF1Aw5bLUOSkrY2T5hezhvkofG9tKcBI\n2a3MF10z0+5kKeq6tQJu8drTYKlp+Dp89bxZLOIgl2SEkLoRbKIxomsCgYEA95PG\nbMa2BoDFf6XDQCxERl1M2m2WebD/t2ZY84+uN24RYyGPkHy+mNvPL5UfqrADPOId\nXI9C/BayMPgPtbKYSVlO/ZTflk6XUvhYo7rILOnPER71Yodx0vxcLv6qtflB/s98\n+psUS/6Ti4nZTOd421SX1Pbso8JsKn2Ig7Sxss0CgYEAv49V4c+94YT+pQR8OHvz\n8bgGE79Krp9PGvl/6fvN5AImqkfX28+37EBZKLSROsE2NVBpFl76HwOez9O0Qh5x\nHRa7/vmgigZFSnXoLZ2DDd3zlUJEc1S68qXJEXostIMz36lcLi1V/Os070wQ91aB\nIOwyNGy+Re0zV6ILZCN7fY8CgYBwzhdaFsx3eBMFD11AjyrouLg8yjQG7JwHT432\nJCBoRzGK7o7AceZSNc1YS+Uq25oOEqT4OJp3zEuSvmRCEMcMnLG+HyglD1gpyNhy\nebedp0be8TEznK1DShMioozb71+fn6C9ew2rdqp5qOym+sz5erjXo069aufoEFy0\nTg+tfQKBgQDCChODL0ZmKjBt4XxC655hnoUoIBUP/rKGstWZJvDlLR9a4jh45d+F\nALd7mLSgBW2EOXPevRLxyGVgSxixzEX5RAli7rnRBgcqr0f+pc2CCuNjd+MI825A\nH6Jy+NKe4vrDVZ2U4WO2Wkv0x3KmXrH0AhkT2HxdJ5q4M0v5ILEaBg==\n-----END RSA PRIVATE KEY-----\n",
            "cluster_ca_certificate": "-----BEGIN CERTIFICATE-----\nMIIDBjCCAe6gAwIBAgIBATANBgkqhkiG9w0BAQsFADAVMRMwEQYDVQQDEwptaW5p\na3ViZUNBMB4XDTI2MDMyNzE2NTI0NFoXDTM2MDMyNTE2NTI0NFowFTETMBEGA1UE\nAxMKbWluaWt1YmVDQTCCASIwDQYJKoZIhvcNAQEBBQADggEPADCCAQoCggEBAKDi\ngG651V+wVKp0HL3ui7IUVgDGnjc80OFx7WMRmswJxZF8CBWP5t4m6zauQWxhfBmx\nqSxDNJlG2vOFGmZtLKHAOPfYAL0OcfD+J3Z3RyaAzhFiozBtL4moKhL4O+jIOVyV\ne7V0Z08eQdHpHO+tI8gS2/Vz1qzFlhJg9UfF5s5oR1gHcstJeWOwe31N/oSLZWK6\nQKKzZ2t/mFLreGh1lcHfZxMCkcytGj0zlVlqqMpCsjpNV8MGnsXqMJmiUEZsdJ59\nh+bA8tE/+VHX6GU3iboRAkHMVLIxoxwP5e8YIT9ZH+BVKKaVx4HmD1OoERqKIbz4\nyHSH80zuJp6ukCi+uEcCAwEAAaNhMF8wDgYDVR0PAQH/BAQDAgKkMB0GA1UdJQQW\nMBQGCCsGAQUFBwMCBggrBgEFBQcDATAPBgNVHRMBAf8EBTADAQH/MB0GA1UdDgQW\nBBQCTzMBZdx1+rgZcswcMbrMockMNzANBgkqhkiG9w0BAQsFAAOCAQEAAregdaCz\nPtZAaVGVqFUZvkm8ruse2clrr1QBzOXF9wbGc5LOiD2L5ZBIZGfdvxR0IKnYuSwt\nyKkk7yUyVEaeAQObdIMZdrS/3VaV5fHCk3Yx/sn+8ek2p2rqjAjwORHwZ8lQcSlv\nCvoZui/nl0yNwEw9M7VOb5BE1IOCMtMs5NzBF7Xzd4+9LZCMLy8lBppSWzXvj50p\nhbgaGaHl6nNCpd9WIirPooTH0ys1oAUikWczD1VCvKBzWXsrcrx+GYjZEiSeAOvV\nQwLFhAFqjEoJ/x8VMza3u41365fELeAuPxhFcNMLxTRFjPdHPnhIiFzT2L8EE9kc\nCtPfbNEEgf6k0w==\n-----END CERTIFICATE-----\n",
            "cluster_name": "kube-cluster",
            "cni": "",
            "container_runtime": "docker",
            "cpus": "2",
            "cri_socket": "",
            "delete_on_failure": false,
            "disable_coredns_log": false,
            "disable_driver_mounts": false,
            "disable_metrics": false,
            "disable_optimizations": false,
            "disk_size": "20000mb",
            "dns_domain": "cluster.local",
            "dns_proxy": false,
            "docker_env": null,
            "docker_opt": null,
            "download_only": false,
            "driver": "podman",
            "dry_run": false,
            "embed_certs": false,
            "extra_config": [],
            "extra_disks": 0,
            "feature_gates": "",
            "force": false,
            "force_systemd": false,
            "gpus": null,
            "ha": false,
            "host": "https://127.0.0.1:39151",
            "host_dns_resolver": true,
            "host_only_cidr": "192.168.59.1/24",
            "host_only_nic_type": "virtio",
            "hyperkit_vpnkit_sock": "",
            "hyperkit_vsock_ports": [],
            "hyperv_external_adapter": "",
            "hyperv_use_external_switch": false,
            "hyperv_virtual_switch": "",
            "id": "kube-cluster",
            "image_mirror_country": null,
            "image_repository": "",
            "insecure_registry": [],
            "install_addons": true,
            "interactive": true,
            "iso_url": [
              "https://github.com/kubernetes/minikube/releases/download/v1.37.0/minikube-v1.37.0-amd64.iso"
            ],
            "keep_context": false,
            "kubernetes_version": null,
            "kvm_gpu": false,
            "kvm_hidden": false,
            "kvm_network": "default",
            "kvm_numa_count": 1,
            "kvm_qemu_uri": "qemu:///system",
            "listen_address": "",
            "memory": "4096mb",
            "mount": false,
            "mount_9p_version": "9p2000.L",
            "mount_gid": "docker",
            "mount_ip": null,
            "mount_msize": 262144,
            "mount_options": null,
            "mount_port": 0,
            "mount_string": "C:\\Users\\minal:/minikube-host",
            "mount_type": "9p",
            "mount_uid": "docker",
            "namespace": "default",
            "nat_nic_type": "virtio",
            "native_ssh": true,
            "network": "",
            "nfs_share": [],
            "nfs_shares_root": "/nfsshares",
            "no_kubernetes": false,
            "no_vtx_check": false,
            "nodes": 3,
            "output": "text",
            "ports": [],
            "preload": true,
            "qemu_firmware_path": null,
            "registry_mirror": [],
            "service_cluster_ip_range": "10.96.0.0/12",
            "socket_vmnet_client_path": "/usr/local/opt/socket_vmnet/bin/socket_vmnet_client",
            "socket_vmnet_path": "/usr/local/var/run/socket_vmnet",
            "ssh_ip_address": "",
            "ssh_key": "",
            "ssh_port": 22,
            "ssh_user": "root",
            "static_ip": null,
            "subnet": null,
            "trace": null,
            "uuid": "",
            "vm": false,
            "wait": null,
            "wait_timeout": 6
          },
          "sensitive_attributes": [
            [
              {
                "type": "get_attr",
                "value": "client_certificate"
              }
            ],
            [
              {
                "type": "get_attr",
                "value": "client_key"
              }
            ],
            [
              {
                "type": "get_attr",
                "value": "cluster_ca_certificate"
              }
            ]
          ],
          "identity_schema_version": 0,
          "private": "bnVsbA=="
        }
      ]
    }
  ],
  "check_results": null
}
